
Microsoft Visual Studio Solution File, Format Version 12.00
# Visual Studio Version 17
VisualStudioVersion = 17.12.35707.178 d17.12
MinimumVisualStudioVersion = 10.0.40219.1
Project("{2150E333-8FDC-42A3-9474-1A3956D46DE8}") = "Task0", "Task0", "{E33576D8-E737-492E-AC91-4E5E95A2D4CA}"
EndProject
Project("{2150E333-8FDC-42A3-9474-1A3956D46DE8}") = "Task1", "Task1", "{17466806-32EC-4995-998F-20CF7836AB6B}"
EndProject
Project("{2150E333-8FDC-42A3-9474-1A3956D46DE8}") = "Task2", "Task2", "{CFA0B135-5360-42AE-BC3C-DC23AE539567}"
EndProject
Project("{2150E333-8FDC-42A3-9474-1A3956D46DE8}") = "Task3", "Task3", "{F76ADD6D-CDA5-4918-8090-DD482467A436}"
EndProject
Project("{2150E333-8FDC-42A3-9474-1A3956D46DE8}") = "Task4", "Task4", "{2C32F653-8842-4140-8802-718BD8F4127B}"
EndProject
Project("{2150E333-8FDC-42A3-9474-1A3956D46DE8}") = "Task5", "Task5", "{9D000931-DB6B-47AC-8DCF-50AE95829375}"
EndProject
Project("{2150E333-8FDC-42A3-9474-1A3956D46DE8}") = "Task6", "Task6", "{905045AB-F6FB-4C22-B4A4-418FE99A010F}"
EndProject
Project("{2150E333-8FDC-42A3-9474-1A3956D46DE8}") = "Task7", "Task7", "{22339FA2-296B-449B-9B8A-F6D603576E42}"
EndProject
Project("{FAE04EC0-301F-11D3-BF4B-00C04F79EFBC}") = "Tyuiu.GalimovAA.Sprint4.Task0.V8", "Tyuiu.GalimovAA.Sprint4.Task0.V8\Tyuiu.GalimovAA.Sprint4.Task0.V8.csproj", "{8DE84E51-7621-4919-AC47-4FA75EE4C5C1}"
EndProject
Project("{FAE04EC0-301F-11D3-BF4B-00C04F79EFBC}") = "Tyuiu.GalimovAA.Sprint4.Task0.V8.Lib", "Tyuiu.GalimovAA.Sprint4.Task0.V8.Lib\Tyuiu.GalimovAA.Sprint4.Task0.V8.Lib.csproj", "{9F17B930-2324-42E0-83D1-DC055CFBD6C1}"
EndProject
Project("{FAE04EC0-301F-11D3-BF4B-00C04F79EFBC}") = "Tyuiu.GalimovAA.Sprint4.Task0.V8.Test", "Tyuiu.GalimovAA.Sprint4.Task0.V8.Test\Tyuiu.GalimovAA.Sprint4.Task0.V8.Test.csproj", "{9FB9DA9D-3FF4-4057-9E20-B50E913A8C0C}"
EndProject
Project("{FAE04EC0-301F-11D3-BF4B-00C04F79EFBC}") = "Tyuiu.GalimovAA.Sprint4.Task1.V30", "Tyuiu.GalimovAA.Sprint4.Task1.V30\Tyuiu.GalimovAA.Sprint4.Task1.V30.csproj", "{F124DB7A-8DAE-43EA-A26E-21DDDF479B53}"
EndProject
Project("{FAE04EC0-301F-11D3-BF4B-00C04F79EFBC}") = "Tyuiu.GalimovAA.Sprint4.Task1.V30.Lib", "Tyuiu.GalimovAA.Sprint4.Task1.V30.Lib\Tyuiu.GalimovAA.Sprint4.Task1.V30.Lib.csproj", "{0FBCF8DD-5922-44A4-89B6-92F22233FF6F}"
EndProject
Project("{FAE04EC0-301F-11D3-BF4B-00C04F79EFBC}") = "Tyuiu.GalimovAA.Sprint4.Task1.V30.Test", "Tyuiu.GalimovAA.Sprint4.Task1.V30.Test\Tyuiu.GalimovAA.Sprint4.Task1.V30.Test.csproj", "{29B746EE-6D71-42C0-A932-B80066B64B5E}"
EndProject
Project("{FAE04EC0-301F-11D3-BF4B-00C04F79EFBC}") = "Tyuiu.GalimovAA.Sprint4.Task2.V4", "Tyuiu.GalimovAA.Sprint4.Task2.V4\Tyuiu.GalimovAA.Sprint4.Task2.V4.csproj", "{5FBC8B56-7CD7-446E-9F6C-33C3DAF33E24}"
EndProject
Project("{FAE04EC0-301F-11D3-BF4B-00C04F79EFBC}") = "Tyuiu.GalimovAA.Sprint4.Task2.V4.Lib", "Tyuiu.GalimovAA.Sprint4.Task2.V4.Lib\Tyuiu.GalimovAA.Sprint4.Task2.V4.Lib.csproj", "{44F59F72-D807-430C-89ED-C307C83B7C13}"
EndProject
Project("{FAE04EC0-301F-11D3-BF4B-00C04F79EFBC}") = "Tyuiu.GalimovAA.Sprint4.Task2.V4.Test", "Tyuiu.GalimovAA.Sprint4.Task2.V4.Test\Tyuiu.GalimovAA.Sprint4.Task2.V4.Test.csproj", "{3E974422-CD56-4A4B-ADAD-646DDF912A57}"
EndProject
Project("{FAE04EC0-301F-11D3-BF4B-00C04F79EFBC}") = "Tyuiu.GalimovAA.Sprint4.Task3.V10", "Tyuiu.GalimovAA.Sprint4.Task3.V10\Tyuiu.GalimovAA.Sprint4.Task3.V10.csproj", "{C8926B81-D480-410C-A2FD-AE35B8CB9D84}"
EndProject
Project("{FAE04EC0-301F-11D3-BF4B-00C04F79EFBC}") = "Tyuiu.GalimovAA.Sprint4.Task3.V10.Lib", "Tyuiu.GalimovAA.Sprint4.Task3.V10.Lib\Tyuiu.GalimovAA.Sprint4.Task3.V10.Lib.csproj", "{3D893938-EE3B-48BF-994F-601D8B657E0E}"
EndProject
Project("{FAE04EC0-301F-11D3-BF4B-00C04F79EFBC}") = "Tyuiu.GalimovAA.Sprint4.Task3.V10.Test", "Tyuiu.GalimovAA.Sprint4.Task3.V10.Test\Tyuiu.GalimovAA.Sprint4.Task3.V10.Test.csproj", "{76B2AD89-33FC-4978-A410-44AA64162147}"
EndProject
Project("{FAE04EC0-301F-11D3-BF4B-00C04F79EFBC}") = "Tyuiu.GalimovAA.Sprint4.Task4.V18", "Tyuiu.GalimovAA.Sprint4.Task4.V18\Tyuiu.GalimovAA.Sprint4.Task4.V18.csproj", "{45CE4009-0A96-46A2-A738-4A7FD8345A6F}"
EndProject
Project("{FAE04EC0-301F-11D3-BF4B-00C04F79EFBC}") = "Tyuiu.GalimovAA.Sprint4.Task4.V18.Lib", "Tyuiu.GalimovAA.Sprint4.Task4.V18.Lib\Tyuiu.GalimovAA.Sprint4.Task4.V18.Lib.csproj", "{34870031-4C03-44EB-A3DB-C25ED670C888}"
EndProject
Project("{FAE04EC0-301F-11D3-BF4B-00C04F79EFBC}") = "Tyuiu.GalimovAA.Sprint4.Task4.V18.Test", "Tyuiu.GalimovAA.Sprint4.Task4.V18.Test\Tyuiu.GalimovAA.Sprint4.Task4.V18.Test.csproj", "{FC53AE07-CD68-4CBC-AD2F-5A328B0E9E6D}"
EndProject
Project("{FAE04EC0-301F-11D3-BF4B-00C04F79EFBC}") = "Tyuiu.GalimovAA.Sprint4.Task5.V4", "Tyuiu.GalimovAA.Sprint4.Task5.V4\Tyuiu.GalimovAA.Sprint4.Task5.V4.csproj", "{70775582-F2B5-4316-8C1D-9A1B9FE32F59}"
EndProject
Project("{FAE04EC0-301F-11D3-BF4B-00C04F79EFBC}") = "Tyuiu.GalimovAA.Sprint4.Task5.V4.Lib", "Tyuiu.GalimovAA.Sprint4.Task5.V4.Lib\Tyuiu.GalimovAA.Sprint4.Task5.V4.Lib.csproj", "{D8E4D74E-0129-491E-A084-937C85CA793B}"
EndProject
Project("{FAE04EC0-301F-11D3-BF4B-00C04F79EFBC}") = "Tyuiu.GalimovAA.Sprint4.Task5.V4.Test", "Tyuiu.GalimovAA.Sprint4.Task5.V4.Test\Tyuiu.GalimovAA.Sprint4.Task5.V4.Test.csproj", "{D0C2EC8E-40C9-4E8A-8196-A8749614D91F}"
EndProject
Project("{FAE04EC0-301F-11D3-BF4B-00C04F79EFBC}") = "Tyuiu.GalimovAA.Sprint4.Task6.V18", "Tyuiu.GalimovAA.Sprint4.Task6.V18\Tyuiu.GalimovAA.Sprint4.Task6.V18.csproj", "{3FCF80CC-8333-4137-B473-7F81DFA6E2FF}"
EndProject
Project("{FAE04EC0-301F-11D3-BF4B-00C04F79EFBC}") = "Tyuiu.GalimovAA.Sprint4.Task6.V18.Lib", "Tyuiu.GalimovAA.Sprint4.Task6.V18.Lib\Tyuiu.GalimovAA.Sprint4.Task6.V18.Lib.csproj", "{A63EB3BA-444D-41C6-9731-E0D0C49702F3}"
EndProject
Project("{FAE04EC0-301F-11D3-BF4B-00C04F79EFBC}") = "Tyuiu.GalimovAA.Sprint4.Task6.V18.Test", "Tyuiu.GalimovAA.Sprint4.Task6.V18.Test\Tyuiu.GalimovAA.Sprint4.Task6.V18.Test.csproj", "{58E50647-1C38-4955-8098-1DC5C1C84ADA}"
EndProject
Project("{FAE04EC0-301F-11D3-BF4B-00C04F79EFBC}") = "Tyuiu.GalimovAA.Sprint4.Task7.V12", "Tyuiu.GalimovAA.Sprint4.Task7.V12\Tyuiu.GalimovAA.Sprint4.Task7.V12.csproj", "{07B78CD2-2938-479B-B6C4-9BAB4F2B05B3}"
EndProject
Project("{FAE04EC0-301F-11D3-BF4B-00C04F79EFBC}") = "Tyuiu.GalimovAA.Sprint4.Task7.V12.Lib", "Tyuiu.GalimovAA.Sprint4.Task7.V12.Lib\Tyuiu.GalimovAA.Sprint4.Task7.V12.Lib.csproj", "{3C8C8F6F-E64A-4349-BC30-B7CE40136C26}"
EndProject
Project("{FAE04EC0-301F-11D3-BF4B-00C04F79EFBC}") = "Tyuiu.GalimovAA.Sprint4.Task7.V12.Test", "Tyuiu.GalimovAA.Sprint4.Task7.V12.Test\Tyuiu.GalimovAA.Sprint4.Task7.V12.Test.csproj", "{18E93C93-DB1B-4429-B514-F9F4B9BFEAE8}"
EndProject
Global
	GlobalSection(SolutionConfigurationPlatforms) = preSolution
		Debug|Any CPU = Debug|Any CPU
		Release|Any CPU = Release|Any CPU
	EndGlobalSection
	GlobalSection(ProjectConfigurationPlatforms) = postSolution
		{8DE84E51-7621-4919-AC47-4FA75EE4C5C1}.Debug|Any CPU.ActiveCfg = Debug|Any CPU
		{8DE84E51-7621-4919-AC47-4FA75EE4C5C1}.Debug|Any CPU.Build.0 = Debug|Any CPU
		{8DE84E51-7621-4919-AC47-4FA75EE4C5C1}.Release|Any CPU.ActiveCfg = Release|Any CPU
		{8DE84E51-7621-4919-AC47-4FA75EE4C5C1}.Release|Any CPU.Build.0 = Release|Any CPU
		{9F17B930-2324-42E0-83D1-DC055CFBD6C1}.Debug|Any CPU.ActiveCfg = Debug|Any CPU
		{9F17B930-2324-42E0-83D1-DC055CFBD6C1}.Debug|Any CPU.Build.0 = Debug|Any CPU
		{9F17B930-2324-42E0-83D1-DC055CFBD6C1}.Release|Any CPU.ActiveCfg = Release|Any CPU
		{9F17B930-2324-42E0-83D1-DC055CFBD6C1}.Release|Any CPU.Build.0 = Release|Any CPU
		{9FB9DA9D-3FF4-4057-9E20-B50E913A8C0C}.Debug|Any CPU.ActiveCfg = Debug|Any CPU
		{9FB9DA9D-3FF4-4057-9E20-B50E913A8C0C}.Debug|Any CPU.Build.0 = Debug|Any CPU
		{9FB9DA9D-3FF4-4057-9E20-B50E913A8C0C}.Release|Any CPU.ActiveCfg = Release|Any CPU
		{9FB9DA9D-3FF4-4057-9E20-B50E913A8C0C}.Release|Any CPU.Build.0 = Release|Any CPU
		{F124DB7A-8DAE-43EA-A26E-21DDDF479B53}.Debug|Any CPU.ActiveCfg = Debug|Any CPU
		{F124DB7A-8DAE-43EA-A26E-21DDDF479B53}.Debug|Any CPU.Build.0 = Debug|Any CPU
		{F124DB7A-8DAE-43EA-A26E-21DDDF479B53}.Release|Any CPU.ActiveCfg = Release|Any CPU
		{F124DB7A-8DAE-43EA-A26E-21DDDF479B53}.Release|Any CPU.Build.0 = Release|Any CPU
		{0FBCF8DD-5922-44A4-89B6-92F22233FF6F}.Debug|Any CPU.ActiveCfg = Debug|Any CPU
		{0FBCF8DD-5922-44A4-89B6-92F22233FF6F}.Debug|Any CPU.Build.0 = Debug|Any CPU
		{0FBCF8DD-5922-44A4-89B6-92F22233FF6F}.Release|Any CPU.ActiveCfg = Release|Any CPU
		{0FBCF8DD-5922-44A4-89B6-92F22233FF6F}.Release|Any CPU.Build.0 = Release|Any CPU
		{29B746EE-6D71-42C0-A932-B80066B64B5E}.Debug|Any CPU.ActiveCfg = Debug|Any CPU
		{29B746EE-6D71-42C0-A932-B80066B64B5E}.Debug|Any CPU.Build.0 = Debug|Any CPU
		{29B746EE-6D71-42C0-A932-B80066B64B5E}.Release|Any CPU.ActiveCfg = Release|Any CPU
		{29B746EE-6D71-42C0-A932-B80066B64B5E}.Release|Any CPU.Build.0 = Release|Any CPU
		{5FBC8B56-7CD7-446E-9F6C-33C3DAF33E24}.Debug|Any CPU.ActiveCfg = Debug|Any CPU
		{5FBC8B56-7CD7-446E-9F6C-33C3DAF33E24}.Debug|Any CPU.Build.0 = Debug|Any CPU
		{5FBC8B56-7CD7-446E-9F6C-33C3DAF33E24}.Release|Any CPU.ActiveCfg = Release|Any CPU
		{5FBC8B56-7CD7-446E-9F6C-33C3DAF33E24}.Release|Any CPU.Build.0 = Release|Any CPU
		{44F59F72-D807-430C-89ED-C307C83B7C13}.Debug|Any CPU.ActiveCfg = Debug|Any CPU
		{44F59F72-D807-430C-89ED-C307C83B7C13}.Debug|Any CPU.Build.0 = Debug|Any CPU
		{44F59F72-D807-430C-89ED-C307C83B7C13}.Release|Any CPU.ActiveCfg = Release|Any CPU
		{44F59F72-D807-430C-89ED-C307C83B7C13}.Release|Any CPU.Build.0 = Release|Any CPU
		{3E974422-CD56-4A4B-ADAD-646DDF912A57}.Debug|Any CPU.ActiveCfg = Debug|Any CPU
		{3E974422-CD56-4A4B-ADAD-646DDF912A57}.Debug|Any CPU.Build.0 = Debug|Any CPU
		{3E974422-CD56-4A4B-ADAD-646DDF912A57}.Release|Any CPU.ActiveCfg = Release|Any CPU
		{3E974422-CD56-4A4B-ADAD-646DDF912A57}.Release|Any CPU.Build.0 = Release|Any CPU
		{C8926B81-D480-410C-A2FD-AE35B8CB9D84}.Debug|Any CPU.ActiveCfg = Debug|Any CPU
		{C8926B81-D480-410C-A2FD-AE35B8CB9D84}.Debug|Any CPU.Build.0 = Debug|Any CPU
		{C8926B81-D480-410C-A2FD-AE35B8CB9D84}.Release|Any CPU.ActiveCfg = Release|Any CPU
		{C8926B81-D480-410C-A2FD-AE35B8CB9D84}.Release|Any CPU.Build.0 = Release|Any CPU
		{3D893938-EE3B-48BF-994F-601D8B657E0E}.Debug|Any CPU.ActiveCfg = Debug|Any CPU
		{3D893938-EE3B-48BF-994F-601D8B657E0E}.Debug|Any CPU.Build.0 = Debug|Any CPU
		{3D893938-EE3B-48BF-994F-601D8B657E0E}.Release|Any CPU.ActiveCfg = Release|Any CPU
		{3D893938-EE3B-48BF-994F-601D8B657E0E}.Release|Any CPU.Build.0 = Release|Any CPU
		{76B2AD89-33FC-4978-A410-44AA64162147}.Debug|Any CPU.ActiveCfg = Debug|Any CPU
		{76B2AD89-33FC-4978-A410-44AA64162147}.Debug|Any CPU.Build.0 = Debug|Any CPU
		{76B2AD89-33FC-4978-A410-44AA64162147}.Release|Any CPU.ActiveCfg = Release|Any CPU
		{76B2AD89-33FC-4978-A410-44AA64162147}.Release|Any CPU.Build.0 = Release|Any CPU
		{45CE4009-0A96-46A2-A738-4A7FD8345A6F}.Debug|Any CPU.ActiveCfg = Debug|Any CPU
		{45CE4009-0A96-46A2-A738-4A7FD8345A6F}.Debug|Any CPU.Build.0 = Debug|Any CPU
		{45CE4009-0A96-46A2-A738-4A7FD8345A6F}.Release|Any CPU.ActiveCfg = Release|Any CPU
		{45CE4009-0A96-46A2-A738-4A7FD8345A6F}.Release|Any CPU.Build.0 = Release|Any CPU
		{34870031-4C03-44EB-A3DB-C25ED670C888}.Debug|Any CPU.ActiveCfg = Debug|Any CPU
		{34870031-4C03-44EB-A3DB-C25ED670C888}.Debug|Any CPU.Build.0 = Debug|Any CPU
		{34870031-4C03-44EB-A3DB-C25ED670C888}.Release|Any CPU.ActiveCfg = Release|Any CPU
		{34870031-4C03-44EB-A3DB-C25ED670C888}.Release|Any CPU.Build.0 = Release|Any CPU
		{FC53AE07-CD68-4CBC-AD2F-5A328B0E9E6D}.Debug|Any CPU.ActiveCfg = Debug|Any CPU
		{FC53AE07-CD68-4CBC-AD2F-5A328B0E9E6D}.Debug|Any CPU.Build.0 = Debug|Any CPU
		{FC53AE07-CD68-4CBC-AD2F-5A328B0E9E6D}.Release|Any CPU.ActiveCfg = Release|Any CPU
		{FC53AE07-CD68-4CBC-AD2F-5A328B0E9E6D}.Release|Any CPU.Build.0 = Release|Any CPU
		{70775582-F2B5-4316-8C1D-9A1B9FE32F59}.Debug|Any CPU.ActiveCfg = Debug|Any CPU
		{70775582-F2B5-4316-8C1D-9A1B9FE32F59}.Debug|Any CPU.Build.0 = Debug|Any CPU
		{70775582-F2B5-4316-8C1D-9A1B9FE32F59}.Release|Any CPU.ActiveCfg = Release|Any CPU
		{70775582-F2B5-4316-8C1D-9A1B9FE32F59}.Release|Any CPU.Build.0 = Release|Any CPU
		{D8E4D74E-0129-491E-A084-937C85CA793B}.Debug|Any CPU.ActiveCfg = Debug|Any CPU
		{D8E4D74E-0129-491E-A084-937C85CA793B}.Debug|Any CPU.Build.0 = Debug|Any CPU
		{D8E4D74E-0129-491E-A084-937C85CA793B}.Release|Any CPU.ActiveCfg = Release|Any CPU
		{D8E4D74E-0129-491E-A084-937C85CA793B}.Release|Any CPU.Build.0 = Release|Any CPU
		{D0C2EC8E-40C9-4E8A-8196-A8749614D91F}.Debug|Any CPU.ActiveCfg = Debug|Any CPU
		{D0C2EC8E-40C9-4E8A-8196-A8749614D91F}.Debug|Any CPU.Build.0 = Debug|Any CPU
		{D0C2EC8E-40C9-4E8A-8196-A8749614D91F}.Release|Any CPU.ActiveCfg = Release|Any CPU
		{D0C2EC8E-40C9-4E8A-8196-A8749614D91F}.Release|Any CPU.Build.0 = Release|Any CPU
		{3FCF80CC-8333-4137-B473-7F81DFA6E2FF}.Debug|Any CPU.ActiveCfg = Debug|Any CPU
		{3FCF80CC-8333-4137-B473-7F81DFA6E2FF}.Debug|Any CPU.Build.0 = Debug|Any CPU
		{3FCF80CC-8333-4137-B473-7F81DFA6E2FF}.Release|Any CPU.ActiveCfg = Release|Any CPU
		{3FCF80CC-8333-4137-B473-7F81DFA6E2FF}.Release|Any CPU.Build.0 = Release|Any CPU
		{A63EB3BA-444D-41C6-9731-E0D0C49702F3}.Debug|Any CPU.ActiveCfg = Debug|Any CPU
		{A63EB3BA-444D-41C6-9731-E0D0C49702F3}.Debug|Any CPU.Build.0 = Debug|Any CPU
		{A63EB3BA-444D-41C6-9731-E0D0C49702F3}.Release|Any CPU.ActiveCfg = Release|Any CPU
		{A63EB3BA-444D-41C6-9731-E0D0C49702F3}.Release|Any CPU.Build.0 = Release|Any CPU
		{58E50647-1C38-4955-8098-1DC5C1C84ADA}.Debug|Any CPU.ActiveCfg = Debug|Any CPU
		{58E50647-1C38-4955-8098-1DC5C1C84ADA}.Debug|Any CPU.Build.0 = Debug|Any CPU
		{58E50647-1C38-4955-8098-1DC5C1C84ADA}.Release|Any CPU.ActiveCfg = Release|Any CPU
		{58E50647-1C38-4955-8098-1DC5C1C84ADA}.Release|Any CPU.Build.0 = Release|Any CPU
		{07B78CD2-2938-479B-B6C4-9BAB4F2B05B3}.Debug|Any CPU.ActiveCfg = Debug|Any CPU
		{07B78CD2-2938-479B-B6C4-9BAB4F2B05B3}.Debug|Any CPU.Build.0 = Debug|Any CPU
		{07B78CD2-2938-479B-B6C4-9BAB4F2B05B3}.Release|Any CPU.ActiveCfg = Release|Any CPU
		{07B78CD2-2938-479B-B6C4-9BAB4F2B05B3}.Release|Any CPU.Build.0 = Release|Any CPU
		{3C8C8F6F-E64A-4349-BC30-B7CE40136C26}.Debug|Any CPU.ActiveCfg = Debug|Any CPU
		{3C8C8F6F-E64A-4349-BC30-B7CE40136C26}.Debug|Any CPU.Build.0 = Debug|Any CPU
		{3C8C8F6F-E64A-4349-BC30-B7CE40136C26}.Release|Any CPU.ActiveCfg = Release|Any CPU
		{3C8C8F6F-E64A-4349-BC30-B7CE40136C26}.Release|Any CPU.Build.0 = Release|Any CPU
		{18E93C93-DB1B-4429-B514-F9F4B9BFEAE8}.Debug|Any CPU.ActiveCfg = Debug|Any CPU
		{18E93C93-DB1B-4429-B514-F9F4B9BFEAE8}.Debug|Any CPU.Build.0 = Debug|Any CPU
		{18E93C93-DB1B-4429-B514-F9F4B9BFEAE8}.Release|Any CPU.ActiveCfg = Release|Any CPU
		{18E93C93-DB1B-4429-B514-F9F4B9BFEAE8}.Release|Any CPU.Build.0 = Release|Any CPU
	EndGlobalSection
	GlobalSection(SolutionProperties) = preSolution
		HideSolutionNode = FALSE
	EndGlobalSection
	GlobalSection(NestedProjects) = preSolution
		{8DE84E51-7621-4919-AC47-4FA75EE4C5C1} = {E33576D8-E737-492E-AC91-4E5E95A2D4CA}
		{9F17B930-2324-42E0-83D1-DC055CFBD6C1} = {E33576D8-E737-492E-AC91-4E5E95A2D4CA}
		{9FB9DA9D-3FF4-4057-9E20-B50E913A8C0C} = {E33576D8-E737-492E-AC91-4E5E95A2D4CA}
		{F124DB7A-8DAE-43EA-A26E-21DDDF479B53} = {17466806-32EC-4995-998F-20CF7836AB6B}
		{0FBCF8DD-5922-44A4-89B6-92F22233FF6F} = {17466806-32EC-4995-998F-20CF7836AB6B}
		{29B746EE-6D71-42C0-A932-B80066B64B5E} = {17466806-32EC-4995-998F-20CF7836AB6B}
		{5FBC8B56-7CD7-446E-9F6C-33C3DAF33E24} = {CFA0B135-5360-42AE-BC3C-DC23AE539567}
		{44F59F72-D807-430C-89ED-C307C83B7C13} = {CFA0B135-5360-42AE-BC3C-DC23AE539567}
		{3E974422-CD56-4A4B-ADAD-646DDF912A57} = {CFA0B135-5360-42AE-BC3C-DC23AE539567}
		{C8926B81-D480-410C-A2FD-AE35B8CB9D84} = {F76ADD6D-CDA5-4918-8090-DD482467A436}
		{3D893938-EE3B-48BF-994F-601D8B657E0E} = {F76ADD6D-CDA5-4918-8090-DD482467A436}
		{76B2AD89-33FC-4978-A410-44AA64162147} = {F76ADD6D-CDA5-4918-8090-DD482467A436}
		{45CE4009-0A96-46A2-A738-4A7FD8345A6F} = {2C32F653-8842-4140-8802-718BD8F4127B}
		{34870031-4C03-44EB-A3DB-C25ED670C888} = {2C32F653-8842-4140-8802-718BD8F4127B}
		{FC53AE07-CD68-4CBC-AD2F-5A328B0E9E6D} = {2C32F653-8842-4140-8802-718BD8F4127B}
		{70775582-F2B5-4316-8C1D-9A1B9FE32F59} = {9D000931-DB6B-47AC-8DCF-50AE95829375}
		{D8E4D74E-0129-491E-A084-937C85CA793B} = {9D000931-DB6B-47AC-8DCF-50AE95829375}
		{D0C2EC8E-40C9-4E8A-8196-A8749614D91F} = {9D000931-DB6B-47AC-8DCF-50AE95829375}
		{3FCF80CC-8333-4137-B473-7F81DFA6E2FF} = {905045AB-F6FB-4C22-B4A4-418FE99A010F}
		{A63EB3BA-444D-41C6-9731-E0D0C49702F3} = {905045AB-F6FB-4C22-B4A4-418FE99A010F}
		{58E50647-1C38-4955-8098-1DC5C1C84ADA} = {905045AB-F6FB-4C22-B4A4-418FE99A010F}
		{07B78CD2-2938-479B-B6C4-9BAB4F2B05B3} = {22339FA2-296B-449B-9B8A-F6D603576E42}
		{3C8C8F6F-E64A-4349-BC30-B7CE40136C26} = {22339FA2-296B-449B-9B8A-F6D603576E42}
		{18E93C93-DB1B-4429-B514-F9F4B9BFEAE8} = {22339FA2-296B-449B-9B8A-F6D603576E42}
	EndGlobalSection
EndGlobal
